// !$*UTF8*$!
{
	archiveVersion = 1;
	classes = {
	};
	objectVersion = 56;
	objects = {

/* Begin PBXBuildFile section */
		7B78C64D2B7AD9F500E2F015 /* swiftui_instagram_feedApp.swift in Sources */ = {isa = PBXBuildFile; fileRef = 7B78C64C2B7AD9F500E2F015 /* swiftui_instagram_feedApp.swift */; };
		7B78C64F2B7AD9F500E2F015 /* ContentView.swift in Sources */ = {isa = PBXBuildFile; fileRef = 7B78C64E2B7AD9F500E2F015 /* ContentView.swift */; };
		7B78C6512B7AD9F700E2F015 /* Assets.xcassets in Resources */ = {isa = PBXBuildFile; fileRef = 7B78C6502B7AD9F700E2F015 /* Assets.xcassets */; };
		7B78C6542B7AD9F700E2F015 /* Preview Assets.xcassets in Resources */ = {isa = PBXBuildFile; fileRef = 7B78C6532B7AD9F700E2F015 /* Preview Assets.xcassets */; };
		7B78C65C2B7ADA5C00E2F015 /* instagram_feed.png in Resources */ = {isa = PBXBuildFile; fileRef = 7B78C65B2B7ADA5C00E2F015 /* instagram_feed.png */; };
		7B78C65E2B7AE72B00E2F015 /* TopNavigationBar.swift in Sources */ = {isa = PBXBuildFile; fileRef = 7B78C65D2B7AE72B00E2F015 /* TopNavigationBar.swift */; };
		7B78C6602B7AE73600E2F015 /* BottomNavigationBar.swift in Sources */ = {isa = PBXBuildFile; fileRef = 7B78C65F2B7AE73600E2F015 /* BottomNavigationBar.swift */; };
		7B78C6622B7AE81D00E2F015 /* flamouse.ttf in Resources */ = {isa = PBXBuildFile; fileRef = 7B78C6612B7AE81900E2F015 /* flamouse.ttf */; };
		7B78C6652B7B000A00E2F015 /* StoryView.swift in Sources */ = {isa = PBXBuildFile; fileRef = 7B78C6642B7B000A00E2F015 /* StoryView.swift */; };
		7B78C6672B7B008E00E2F015 /* ProfileView.swift in Sources */ = {isa = PBXBuildFile; fileRef = 7B78C6662B7B008E00E2F015 /* ProfileView.swift */; };
		7B78C6692B7B42FF00E2F015 /* FeedItem.swift in Sources */ = {isa = PBXBuildFile; fileRef = 7B78C6682B7B42FF00E2F015 /* FeedItem.swift */; };
		7B78C66B2B7B437B00E2F015 /* FeedItemInfo.swift in Sources */ = {isa = PBXBuildFile; fileRef = 7B78C66A2B7B437B00E2F015 /* FeedItemInfo.swift */; };
		7B78C66D2B7B4A3300E2F015 /* FeedReactionView.swift in Sources */ = {isa = PBXBuildFile; fileRef = 7B78C66C2B7B4A3300E2F015 /* FeedReactionView.swift */; };
		7B78C6702B7B4F0400E2F015 /* SwiftUIX in Frameworks */ = {isa = PBXBuildFile; productRef = 7B78C66F2B7B4F0400E2F015 /* SwiftUIX */; };
		7B78C6722B7B63EB00E2F015 /* FeedCommentView.swift in Sources */ = {isa = PBXBuildFile; fileRef = 7B78C6712B7B63EB00E2F015 /* FeedCommentView.swift */; };
		7B78C6752B7B654D00E2F015 /* Fakery in Frameworks */ = {isa = PBXBuildFile; productRef = 7B78C6742B7B654D00E2F015 /* Fakery */; };
/* End PBXBuildFile section */

/* Begin PBXFileReference section */
		7B78C6492B7AD9F500E2F015 /* swiftui_instagram_feed.app */ = {isa = PBXFileReference; explicitFileType = wrapper.application; includeInIndex = 0; path = swiftui_instagram_feed.app; sourceTree = BUILT_PRODUCTS_DIR; };
		7B78C64C2B7AD9F500E2F015 /* swiftui_instagram_feedApp.swift */ = {isa = PBXFileReference; lastKnownFileType = sourcecode.swift; path = swiftui_instagram_feedApp.swift; sourceTree = "<group>"; };
		7B78C64E2B7AD9F500E2F015 /* ContentView.swift */ = {isa = PBXFileReference; lastKnownFileType = sourcecode.swift; path = ContentView.swift; sourceTree = "<group>"; };
		7B78C6502B7AD9F700E2F015 /* Assets.xcassets */ = {isa = PBXFileReference; lastKnownFileType = folder.assetcatalog; path = Assets.xcassets; sourceTree = "<group>"; };
		7B78C6532B7AD9F700E2F015 /* Preview Assets.xcassets */ = {isa = PBXFileReference; lastKnownFileType = folder.assetcatalog; path = "Preview Assets.xcassets"; sourceTree = "<group>"; };
		7B78C65B2B7ADA5C00E2F015 /* instagram_feed.png */ = {isa = PBXFileReference; lastKnownFileType = image.png; path = instagram_feed.png; sourceTree = SOURCE_ROOT; };
		7B78C65D2B7AE72B00E2F015 /* TopNavigationBar.swift */ = {isa = PBXFileReference; lastKnownFileType = sourcecode.swift; path = TopNavigationBar.swift; sourceTree = "<group>"; };
		7B78C65F2B7AE73600E2F015 /* BottomNavigationBar.swift */ = {isa = PBXFileReference; lastKnownFileType = sourcecode.swift; path = BottomNavigationBar.swift; sourceTree = "<group>"; };
		7B78C6612B7AE81900E2F015 /* flamouse.ttf */ = {isa = PBXFileReference; lastKnownFileType = file; path = flamouse.ttf; sourceTree = "<group>"; };
		7B78C6632B7AEBB500E2F015 /* swiftui-instagram-feed-Info.plist */ = {isa = PBXFileReference; lastKnownFileType = text.plist; path = "swiftui-instagram-feed-Info.plist"; sourceTree = SOURCE_ROOT; };
		7B78C6642B7B000A00E2F015 /* StoryView.swift */ = {isa = PBXFileReference; lastKnownFileType = sourcecode.swift; path = StoryView.swift; sourceTree = "<group>"; };
		7B78C6662B7B008E00E2F015 /* ProfileView.swift */ = {isa = PBXFileReference; lastKnownFileType = sourcecode.swift; path = ProfileView.swift; sourceTree = "<group>"; };
		7B78C6682B7B42FF00E2F015 /* FeedItem.swift */ = {isa = PBXFileReference; lastKnownFileType = sourcecode.swift; path = FeedItem.swift; sourceTree = "<group>"; };
		7B78C66A2B7B437B00E2F015 /* FeedItemInfo.swift */ = {isa = PBXFileReference; lastKnownFileType = sourcecode.swift; path = FeedItemInfo.swift; sourceTree = "<group>"; };
		7B78C66C2B7B4A3300E2F015 /* FeedReactionView.swift */ = {isa = PBXFileReference; lastKnownFileType = sourcecode.swift; path = FeedReactionView.swift; sourceTree = "<group>"; };
		7B78C6712B7B63EB00E2F015 /* FeedCommentView.swift */ = {isa = PBXFileReference; lastKnownFileType = sourcecode.swift; path = FeedCommentView.swift; sourceTree = "<group>"; };
/* End PBXFileReference section */

/* Begin PBXFrameworksBuildPhase section */
		7B78C6462B7AD9F500E2F015 /* Frameworks */ = {
			isa = PBXFrameworksBuildPhase;
			buildActionMask = 2147483647;
			files = (
				7B78C6752B7B654D00E2F015 /* Fakery in Frameworks */,
				7B78C6702B7B4F0400E2F015 /* SwiftUIX in Frameworks */,
			);
			runOnlyForDeploymentPostprocessing = 0;
		};
/* End PBXFrameworksBuildPhase section */

/* Begin PBXGroup section */
		7B78C6402B7AD9F500E2F015 = {
			isa = PBXGroup;
			children = (
				7B78C64B2B7AD9F500E2F015 /* swiftui_instagram_feed */,
				7B78C64A2B7AD9F500E2F015 /* Products */,
			);
			sourceTree = "<group>";
		};
		7B78C64A2B7AD9F500E2F015 /* Products */ = {
			isa = PBXGroup;
			children = (
				7B78C6492B7AD9F500E2F015 /* swiftui_instagram_feed.app */,
			);
			name = Products;
			sourceTree = "<group>";
		};
		7B78C64B2B7AD9F500E2F015 /* swiftui_instagram_feed */ = {
			isa = PBXGroup;
			children = (
				7B78C6632B7AEBB500E2F015 /* swiftui-instagram-feed-Info.plist */,
				7B78C6612B7AE81900E2F015 /* flamouse.ttf */,
				7B78C65B2B7ADA5C00E2F015 /* instagram_feed.png */,
				7B78C65A2B7AD9FE00E2F015 /* Components */,
				7B78C64C2B7AD9F500E2F015 /* swiftui_instagram_feedApp.swift */,
				7B78C64E2B7AD9F500E2F015 /* ContentView.swift */,
				7B78C6502B7AD9F700E2F015 /* Assets.xcassets */,
				7B78C6522B7AD9F700E2F015 /* Preview Content */,
			);
			path = swiftui_instagram_feed;
			sourceTree = "<group>";
		};
		7B78C6522B7AD9F700E2F015 /* Preview Content */ = {
			isa = PBXGroup;
			children = (
				7B78C6532B7AD9F700E2F015 /* Preview Assets.xcassets */,
			);
			path = "Preview Content";
			sourceTree = "<group>";
		};
		7B78C65A2B7AD9FE00E2F015 /* Components */ = {
			isa = PBXGroup;
			children = (
				7B78C65D2B7AE72B00E2F015 /* TopNavigationBar.swift */,
				7B78C65F2B7AE73600E2F015 /* BottomNavigationBar.swift */,
				7B78C6642B7B000A00E2F015 /* StoryView.swift */,
				7B78C6662B7B008E00E2F015 /* ProfileView.swift */,
				7B78C6682B7B42FF00E2F015 /* FeedItem.swift */,
				7B78C66A2B7B437B00E2F015 /* FeedItemInfo.swift */,
				7B78C66C2B7B4A3300E2F015 /* FeedReactionView.swift */,
				7B78C6712B7B63EB00E2F015 /* FeedCommentView.swift */,
			);
			path = Components;
			sourceTree = "<group>";
		};
/* End PBXGroup section */

/* Begin PBXNativeTarget section */
		7B78C6482B7AD9F500E2F015 /* swiftui_instagram_feed */ = {
			isa = PBXNativeTarget;
			buildConfigurationList = 7B78C6572B7AD9F700E2F015 /* Build configuration list for PBXNativeTarget "swiftui_instagram_feed" */;
			buildPhases = (
				7B78C6452B7AD9F500E2F015 /* Sources */,
				7B78C6462B7AD9F500E2F015 /* Frameworks */,
				7B78C6472B7AD9F500E2F015 /* Resources */,
			);
			buildRules = (
			);
			dependencies = (
			);
			name = swiftui_instagram_feed;
			packageProductDependencies = (
				7B78C66F2B7B4F0400E2F015 /* SwiftUIX */,
				7B78C6742B7B654D00E2F015 /* Fakery */,
			);
			productName = swiftui_instagram_feed;
			productReference = 7B78C6492B7AD9F500E2F015 /* swiftui_instagram_feed.app */;
			productType = "com.apple.product-type.application";
		};
/* End PBXNativeTarget section */

/* Begin PBXProject section */
		7B78C6412B7AD9F500E2F015 /* Project object */ = {
			isa = PBXProject;
			attributes = {
				BuildIndependentTargetsInParallel = 1;
				LastSwiftUpdateCheck = 1520;
				LastUpgradeCheck = 1520;
				TargetAttributes = {
					7B78C6482B7AD9F500E2F015 = {
						CreatedOnToolsVersion = 15.2;
					};
				};
			};
			buildConfigurationList = 7B78C6442B7AD9F500E2F015 /* Build configuration list for PBXProject "swiftui_instagram_feed" */;
			compatibilityVersion = "Xcode 14.0";
			developmentRegion = en;
			hasScannedForEncodings = 0;
			knownRegions = (
				en,
				Base,
			);
			mainGroup = 7B78C6402B7AD9F500E2F015;
			packageReferences = (
				7B78C66E2B7B4F0400E2F015 /* XCRemoteSwiftPackageReference "SwiftUIX" */,
				7B78C6732B7B654D00E2F015 /* XCRemoteSwiftPackageReference "Fakery" */,
			);
			productRefGroup = 7B78C64A2B7AD9F500E2F015 /* Products */;
			projectDirPath = "";
			projectRoot = "";
			targets = (
				7B78C6482B7AD9F500E2F015 /* swiftui_instagram_feed */,
			);
		};
/* End PBXProject section */

/* Begin PBXResourcesBuildPhase section */
		7B78C6472B7AD9F500E2F015 /* Resources */ = {
			isa = PBXResourcesBuildPhase;
			buildActionMask = 2147483647;
			files = (
				7B78C6622B7AE81D00E2F015 /* flamouse.ttf in Resources */,
				7B78C65C2B7ADA5C00E2F015 /* instagram_feed.png in Resources */,
				7B78C6542B7AD9F700E2F015 /* Preview Assets.xcassets in Resources */,
				7B78C6512B7AD9F700E2F015 /* Assets.xcassets in Resources */,
			);
			runOnlyForDeploymentPostprocessing = 0;
		};
/* End PBXResourcesBuildPhase section */

/* Begin PBXSourcesBuildPhase section */
		7B78C6452B7AD9F500E2F015 /* Sources */ = {
			isa = PBXSourcesBuildPhase;
			buildActionMask = 2147483647;
			files = (
				7B78C6652B7B000A00E2F015 /* StoryView.swift in Sources */,
				7B78C64F2B7AD9F500E2F015 /* ContentView.swift in Sources */,
				7B78C6722B7B63EB00E2F015 /* FeedCommentView.swift in Sources */,
				7B78C65E2B7AE72B00E2F015 /* TopNavigationBar.swift in Sources */,
				7B78C6602B7AE73600E2F015 /* BottomNavigationBar.swift in Sources */,
				7B78C66B2B7B437B00E2F015 /* FeedItemInfo.swift in Sources */,
				7B78C6672B7B008E00E2F015 /* ProfileView.swift in Sources */,
				7B78C6692B7B42FF00E2F015 /* FeedItem.swift in Sources */,
				7B78C64D2B7AD9F500E2F015 /* swiftui_instagram_feedApp.swift in Sources */,
				7B78C66D2B7B4A3300E2F015 /* FeedReactionView.swift in Sources */,
			);
			runOnlyForDeploymentPostprocessing = 0;
		};
/* End PBXSourcesBuildPhase section */

/* Begin XCBuildConfiguration section */
		7B78C6552B7AD9F700E2F015 /* Debug */ = {
			isa = XCBuildConfiguration;
			buildSettings = {
				ALWAYS_SEARCH_USER_PATHS = NO;
				ASSETCATALOG_COMPILER_GENERATE_SWIFT_ASSET_SYMBOL_EXTENSIONS = YES;
				CLANG_ANALYZER_NONNULL = YES;
				CLANG_ANALYZER_NUMBER_OBJECT_CONVERSION = YES_AGGRESSIVE;
				CLANG_CXX_LANGUAGE_STANDARD = "gnu++20";
				CLANG_ENABLE_MODULES = YES;
				CLANG_ENABLE_OBJC_ARC = YES;
				CLANG_ENABLE_OBJC_WEAK = YES;
				CLANG_WARN_BLOCK_CAPTURE_AUTORELEASING = YES;
				CLANG_WARN_BOOL_CONVERSION = YES;
				CLANG_WARN_COMMA = YES;
				CLANG_WARN_CONSTANT_CONVERSION = YES;
				CLANG_WARN_DEPRECATED_OBJC_IMPLEMENTATIONS = YES;
				CLANG_WARN_DIRECT_OBJC_ISA_USAGE = YES_ERROR;
				CLANG_WARN_DOCUMENTATION_COMMENTS = YES;
				CLANG_WARN_EMPTY_BODY = YES;
				CLANG_WARN_ENUM_CONVERSION = YES;
				CLANG_WARN_INFINITE_RECURSION = YES;
				CLANG_WARN_INT_CONVERSION = YES;
				CLANG_WARN_NON_LITERAL_NULL_CONVERSION = YES;
				CLANG_WARN_OBJC_IMPLICIT_RETAIN_SELF = YES;
				CLANG_WARN_OBJC_LITERAL_CONVERSION = YES;
				CLANG_WARN_OBJC_ROOT_CLASS = YES_ERROR;
				CLANG_WARN_QUOTED_INCLUDE_IN_FRAMEWORK_HEADER = YES;
				CLANG_WARN_RANGE_LOOP_ANALYSIS = YES;
				CLANG_WARN_STRICT_PROTOTYPES = YES;
				CLANG_WARN_SUSPICIOUS_MOVE = YES;
				CLANG_WARN_UNGUARDED_AVAILABILITY = YES_AGGRESSIVE;
				CLANG_WARN_UNREACHABLE_CODE = YES;
				CLANG_WARN__DUPLICATE_METHOD_MATCH = YES;
				COPY_PHASE_STRIP = NO;
				DEBUG_INFORMATION_FORMAT = dwarf;
				ENABLE_STRICT_OBJC_MSGSEND = YES;
				ENABLE_TESTABILITY = YES;
				ENABLE_USER_SCRIPT_SANDBOXING = YES;
				GCC_C_LANGUAGE_STANDARD = gnu17;
				GCC_DYNAMIC_NO_PIC = NO;
				GCC_NO_COMMON_BLOCKS = YES;
				GCC_OPTIMIZATION_LEVEL = 0;
				GCC_PREPROCESSOR_DEFINITIONS = (
					"DEBUG=1",
					"$(inherited)",
				);
				GCC_WARN_64_TO_32_BIT_CONVERSION = YES;
				GCC_WARN_ABOUT_RETURN_TYPE = YES_ERROR;
				GCC_WARN_UNDECLARED_SELECTOR = YES;
				GCC_WARN_UNINITIALIZED_AUTOS = YES_AGGRESSIVE;
				GCC_WARN_UNUSED_FUNCTION = YES;
				GCC_WARN_UNUSED_VARIABLE = YES;
				IPHONEOS_DEPLOYMENT_TARGET = 17.2;
				LOCALIZATION_PREFERS_STRING_CATALOGS = YES;
				MTL_ENABLE_DEBUG_INFO = INCLUDE_SOURCE;
				MTL_FAST_MATH = YES;
				ONLY_ACTIVE_ARCH = YES;
				SDKROOT = iphoneos;
				SWIFT_ACTIVE_COMPILATION_CONDITIONS = "DEBUG $(inherited)";
				SWIFT_OPTIMIZATION_LEVEL = "-Onone";
			};
			name = Debug;
		};
		7B78C6562B7AD9F700E2F015 /* Release */ = {
			isa = XCBuildConfiguration;
			buildSettings = {
				ALWAYS_SEARCH_USER_PATHS = NO;
				ASSETCATALOG_COMPILER_GENERATE_SWIFT_ASSET_SYMBOL_EXTENSIONS = YES;
				CLANG_ANALYZER_NONNULL = YES;
				CLANG_ANALYZER_NUMBER_OBJECT_CONVERSION = YES_AGGRESSIVE;
				CLANG_CXX_LANGUAGE_STANDARD = "gnu++20";
				CLANG_ENABLE_MODULES = YES;
				CLANG_ENABLE_OBJC_ARC = YES;
				CLANG_ENABLE_OBJC_WEAK = YES;
				CLANG_WARN_BLOCK_CAPTURE_AUTORELEASING = YES;
				CLANG_WARN_BOOL_CONVERSION = YES;
				CLANG_WARN_COMMA = YES;
				CLANG_WARN_CONSTANT_CONVERSION = YES;
				CLANG_WARN_DEPRECATED_OBJC_IMPLEMENTATIONS = YES;
				CLANG_WARN_DIRECT_OBJC_ISA_USAGE = YES_ERROR;
				CLANG_WARN_DOCUMENTATION_COMMENTS = YES;
				CLANG_WARN_EMPTY_BODY = YES;
				CLANG_WARN_ENUM_CONVERSION = YES;
				CLANG_WARN_INFINITE_RECURSION = YES;
				CLANG_WARN_INT_CONVERSION = YES;
				CLANG_WARN_NON_LITERAL_NULL_CONVERSION = YES;
				CLANG_WARN_OBJC_IMPLICIT_RETAIN_SELF = YES;
				CLANG_WARN_OBJC_LITERAL_CONVERSION = YES;
				CLANG_WARN_OBJC_ROOT_CLASS = YES_ERROR;
				CLANG_WARN_QUOTED_INCLUDE_IN_FRAMEWORK_HEADER = YES;
				CLANG_WARN_RANGE_LOOP_ANALYSIS = YES;
				CLANG_WARN_STRICT_PROTOTYPES = YES;
				CLANG_WARN_SUSPICIOUS_MOVE = YES;
				CLANG_WARN_UNGUARDED_AVAILABILITY = YES_AGGRESSIVE;
				CLANG_WARN_UNREACHABLE_CODE = YES;
				CLANG_WARN__DUPLICATE_METHOD_MATCH = YES;
				COPY_PHASE_STRIP = NO;
				DEBUG_INFORMATION_FORMAT = "dwarf-with-dsym";
				ENABLE_NS_ASSERTIONS = NO;
				ENABLE_STRICT_OBJC_MSGSEND = YES;
				ENABLE_USER_SCRIPT_SANDBOXING = YES;
				GCC_C_LANGUAGE_STANDARD = gnu17;
				GCC_NO_COMMON_BLOCKS = YES;
				GCC_WARN_64_TO_32_BIT_CONVERSION = YES;
				GCC_WARN_ABOUT_RETURN_TYPE = YES_ERROR;
				GCC_WARN_UNDECLARED_SELECTOR = YES;
				GCC_WARN_UNINITIALIZED_AUTOS = YES_AGGRESSIVE;
				GCC_WARN_UNUSED_FUNCTION = YES;
				GCC_WARN_UNUSED_VARIABLE = YES;
				IPHONEOS_DEPLOYMENT_TARGET = 17.2;
				LOCALIZATION_PREFERS_STRING_CATALOGS = YES;
				MTL_ENABLE_DEBUG_INFO = NO;
				MTL_FAST_MATH = YES;
				SDKROOT = iphoneos;
				SWIFT_COMPILATION_MODE = wholemodule;
				VALIDATE_PRODUCT = YES;
			};
			name = Release;
		};
		7B78C6582B7AD9F700E2F015 /* Debug */ = {
			isa = XCBuildConfiguration;
			buildSettings = {
				ASSETCATALOG_COMPILER_APPICON_NAME = AppIcon;
				ASSETCATALOG_COMPILER_GLOBAL_ACCENT_COLOR_NAME = AccentColor;
				CODE_SIGN_STYLE = Automatic;
				CURRENT_PROJECT_VERSION = 1;
				DEVELOPMENT_ASSET_PATHS = "\"swiftui_instagram_feed/Preview Content\"";
				ENABLE_PREVIEWS = YES;
				GENERATE_INFOPLIST_FILE = YES;
				INFOPLIST_FILE = "swiftui-instagram-feed-Info.plist";
				INFOPLIST_KEY_UIApplicationSceneManifest_Generation = YES;
				INFOPLIST_KEY_UIApplicationSupportsIndirectInputEvents = YES;
				INFOPLIST_KEY_UILaunchScreen_Generation = YES;
				INFOPLIST_KEY_UISupportedInterfaceOrientations_iPad = "UIInterfaceOrientationPortrait UIInterfaceOrientationPortraitUpsideDown UIInterfaceOrientationLandscapeLeft UIInterfaceOrientationLandscapeRight";
				INFOPLIST_KEY_UISupportedInterfaceOrientations_iPhone = "UIInterfaceOrientationPortrait UIInterfaceOrientationLandscapeLeft UIInterfaceOrientationLandscapeRight";
				LD_RUNPATH_SEARCH_PATHS = (
					"$(inherited)",
					"@executable_path/Frameworks",
				);
				MARKETING_VERSION = 1.0;
				PRODUCT_BUNDLE_IDENTIFIER = "com.example.swiftui-instagram-feed";
				PRODUCT_NAME = "$(TARGET_NAME)";
				SWIFT_EMIT_LOC_STRINGS = YES;
				SWIFT_VERSION = 5.0;
				TARGETED_DEVICE_FAMILY = "1,2";
			};
			name = Debug;
		};
		7B78C6592B7AD9F700E2F015 /* Release */ = {
			isa = XCBuildConfiguration;
			buildSettings = {
				ASSETCATALOG_COMPILER_APPICON_NAME = AppIcon;
				ASSETCATALOG_COMPILER_GLOBAL_ACCENT_COLOR_NAME = AccentColor;
				CODE_SIGN_STYLE = Automatic;
				CURRENT_PROJECT_VERSION = 1;
				DEVELOPMENT_ASSET_PATHS = "\"swiftui_instagram_feed/Preview Content\"";
				ENABLE_PREVIEWS = YES;
				GENERATE_INFOPLIST_FILE = YES;
				INFOPLIST_FILE = "swiftui-instagram-feed-Info.plist";
				INFOPLIST_KEY_UIApplicationSceneManifest_Generation = YES;
				INFOPLIST_KEY_UIApplicationSupportsIndirectInputEvents = YES;
				INFOPLIST_KEY_UILaunchScreen_Generation = YES;
				INFOPLIST_KEY_UISupportedInterfaceOrientations_iPad = "UIInterfaceOrientationPortrait UIInterfaceOrientationPortraitUpsideDown UIInterfaceOrientationLandscapeLeft UIInterfaceOrientationLandscapeRight";
				INFOPLIST_KEY_UISupportedInterfaceOrientations_iPhone = "UIInterfaceOrientationPortrait UIInterfaceOrientationLandscapeLeft UIInterfaceOrientationLandscapeRight";
				LD_RUNPATH_SEARCH_PATHS = (
					"$(inherited)",
					"@executable_path/Frameworks",
				);
				MARKETING_VERSION = 1.0;
				PRODUCT_BUNDLE_IDENTIFIER = "com.example.swiftui-instagram-feed";
				PRODUCT_NAME = "$(TARGET_NAME)";
				SWIFT_EMIT_LOC_STRINGS = YES;
				SWIFT_VERSION = 5.0;
				TARGETED_DEVICE_FAMILY = "1,2";
			};
			name = Release;
		};
/* End XCBuildConfiguration section */

/* Begin XCConfigurationList section */
		7B78C6442B7AD9F500E2F015 /* Build configuration list for PBXProject "swiftui_instagram_feed" */ = {
			isa = XCConfigurationList;
			buildConfigurations = (
				7B78C6552B7AD9F700E2F015 /* Debug */,
				7B78C6562B7AD9F700E2F015 /* Release */,
			);
			defaultConfigurationIsVisible = 0;
			defaultConfigurationName = Release;
		};
		7B78C6572B7AD9F700E2F015 /* Build configuration list for PBXNativeTarget "swiftui_instagram_feed" */ = {
			isa = XCConfigurationList;
			buildConfigurations = (
				7B78C6582B7AD9F700E2F015 /* Debug */,
				7B78C6592B7AD9F700E2F015 /* Release */,
			);
			defaultConfigurationIsVisible = 0;
			defaultConfigurationName = Release;
		};
/* End XCConfigurationList section */

/* Begin XCRemoteSwiftPackageReference section */
		7B78C66E2B7B4F0400E2F015 /* XCRemoteSwiftPackageReference "SwiftUIX" */ = {
			isa = XCRemoteSwiftPackageReference;
			repositoryURL = "https://github.com/SwiftUIX/SwiftUIX";
			requirement = {
				kind = upToNextMajorVersion;
				minimumVersion = 0.1.9;
			};
		};
		7B78C6732B7B654D00E2F015 /* XCRemoteSwiftPackageReference "Fakery" */ = {
			isa = XCRemoteSwiftPackageReference;
			repositoryURL = "https://github.com/vadymmarkov/Fakery";
			requirement = {
				kind = upToNextMajorVersion;
				minimumVersion = 5.1.0;
			};
		};
/* End XCRemoteSwiftPackageReference section */

/* Begin XCSwiftPackageProductDependency section */
		7B78C66F2B7B4F0400E2F015 /* SwiftUIX */ = {
			isa = XCSwiftPackageProductDependency;
			package = 7B78C66E2B7B4F0400E2F015 /* XCRemoteSwiftPackageReference "SwiftUIX" */;
			productName = SwiftUIX;
		};
		7B78C6742B7B654D00E2F015 /* Fakery */ = {
			isa = XCSwiftPackageProductDependency;
			package = 7B78C6732B7B654D00E2F015 /* XCRemoteSwiftPackageReference "Fakery" */;
			productName = Fakery;
		};
/* End XCSwiftPackageProductDependency section */
	};
	rootObject = 7B78C6412B7AD9F500E2F015 /* Project object */;
}
