{
  "pins" : [
    {
      "identity" : "fakery",
      "kind" : "remoteSourceControl",
      "location" : "https://github.com/vadymmarkov/Fakery",
      "state" : {
        "revision" : "71cb3bf36a808534659d1248780c2bf3c4c4fc91",
        "version" : "5.1.0"
      }
    },
    {
      "identity" : "swiftuix",
      "kind" : "remoteSourceControl",
      "location" : "https://github.com/SwiftUIX/SwiftUIX",
      "state" : {
        "revision" : "a5a22a1aaca885c229f475af049d75a6d9144de8",
        "version" : "0.1.9"
      }
    }
  ],
  "version" : 2
}
