// !$*UTF8*$!
{
	archiveVersion = 1;
	classes = {
	};
	objectVersion = 56;
	objects = {

/* Begin PBXBuildFile section */
		7B1F3AF62B79B3EA0099784D /* swiftui_signupApp.swift in Sources */ = {isa = PBXBuildFile; fileRef = 7B1F3AF52B79B3EA0099784D /* swiftui_signupApp.swift */; };
		7B1F3AFA2B79B3ED0099784D /* Assets.xcassets in Resources */ = {isa = PBXBuildFile; fileRef = 7B1F3AF92B79B3ED0099784D /* Assets.xcassets */; };
		7B1F3AFD2B79B3ED0099784D /* Preview Assets.xcassets in Resources */ = {isa = PBXBuildFile; fileRef = 7B1F3AFC2B79B3ED0099784D /* Preview Assets.xcassets */; };
		7B1F3B042B79B8A60099784D /* signup_signin.png in Resources */ = {isa = PBXBuildFile; fileRef = 7B1F3B032B79B8A60099784D /* signup_signin.png */; };
		7B1F3B062B79B8BA0099784D /* SignInScreen.swift in Sources */ = {isa = PBXBuildFile; fileRef = 7B1F3B052B79B8BA0099784D /* SignInScreen.swift */; };
		7B1F3B082B79F7640099784D /* MyTextField.swift in Sources */ = {isa = PBXBuildFile; fileRef = 7B1F3B072B79F7640099784D /* MyTextField.swift */; };
		7B1F3B0A2B7A02090099784D /* PasswordTextField.swift in Sources */ = {isa = PBXBuildFile; fileRef = 7B1F3B092B7A02090099784D /* PasswordTextField.swift */; };
		7B1F3B0C2B7A10750099784D /* ImageButton.swift in Sources */ = {isa = PBXBuildFile; fileRef = 7B1F3B0B2B7A10750099784D /* ImageButton.swift */; };
		7B1F3B0E2B7A41A00099784D /* SignUpScreen.swift in Sources */ = {isa = PBXBuildFile; fileRef = 7B1F3B0D2B7A41A00099784D /* SignUpScreen.swift */; };
/* End PBXBuildFile section */

/* Begin PBXFileReference section */
		7B1F3AF22B79B3EA0099784D /* swiftui_signup.app */ = {isa = PBXFileReference; explicitFileType = wrapper.application; includeInIndex = 0; path = swiftui_signup.app; sourceTree = BUILT_PRODUCTS_DIR; };
		7B1F3AF52B79B3EA0099784D /* swiftui_signupApp.swift */ = {isa = PBXFileReference; lastKnownFileType = sourcecode.swift; path = swiftui_signupApp.swift; sourceTree = "<group>"; };
		7B1F3AF92B79B3ED0099784D /* Assets.xcassets */ = {isa = PBXFileReference; lastKnownFileType = folder.assetcatalog; path = Assets.xcassets; sourceTree = "<group>"; };
		7B1F3AFC2B79B3ED0099784D /* Preview Assets.xcassets */ = {isa = PBXFileReference; lastKnownFileType = folder.assetcatalog; path = "Preview Assets.xcassets"; sourceTree = "<group>"; };
		7B1F3B032B79B8A60099784D /* signup_signin.png */ = {isa = PBXFileReference; lastKnownFileType = image.png; path = signup_signin.png; sourceTree = "<group>"; };
		7B1F3B052B79B8BA0099784D /* SignInScreen.swift */ = {isa = PBXFileReference; lastKnownFileType = sourcecode.swift; path = SignInScreen.swift; sourceTree = "<group>"; };
		7B1F3B072B79F7640099784D /* MyTextField.swift */ = {isa = PBXFileReference; lastKnownFileType = sourcecode.swift; path = MyTextField.swift; sourceTree = "<group>"; };
		7B1F3B092B7A02090099784D /* PasswordTextField.swift */ = {isa = PBXFileReference; lastKnownFileType = sourcecode.swift; path = PasswordTextField.swift; sourceTree = "<group>"; };
		7B1F3B0B2B7A10750099784D /* ImageButton.swift */ = {isa = PBXFileReference; lastKnownFileType = sourcecode.swift; path = ImageButton.swift; sourceTree = "<group>"; };
		7B1F3B0D2B7A41A00099784D /* SignUpScreen.swift */ = {isa = PBXFileReference; lastKnownFileType = sourcecode.swift; path = SignUpScreen.swift; sourceTree = "<group>"; };
/* End PBXFileReference section */

/* Begin PBXFrameworksBuildPhase section */
		7B1F3AEF2B79B3EA0099784D /* Frameworks */ = {
			isa = PBXFrameworksBuildPhase;
			buildActionMask = 2147483647;
			files = (
			);
			runOnlyForDeploymentPostprocessing = 0;
		};
/* End PBXFrameworksBuildPhase section */

/* Begin PBXGroup section */
		7B1F3AE92B79B3EA0099784D = {
			isa = PBXGroup;
			children = (
				7B1F3AF42B79B3EA0099784D /* swiftui_signup */,
				7B1F3AF32B79B3EA0099784D /* Products */,
			);
			sourceTree = "<group>";
		};
		7B1F3AF32B79B3EA0099784D /* Products */ = {
			isa = PBXGroup;
			children = (
				7B1F3AF22B79B3EA0099784D /* swiftui_signup.app */,
			);
			name = Products;
			sourceTree = "<group>";
		};
		7B1F3AF42B79B3EA0099784D /* swiftui_signup */ = {
			isa = PBXGroup;
			children = (
				7B1F3B032B79B8A60099784D /* signup_signin.png */,
				7B1F3AF52B79B3EA0099784D /* swiftui_signupApp.swift */,
				7B1F3AF92B79B3ED0099784D /* Assets.xcassets */,
				7B1F3AFB2B79B3ED0099784D /* Preview Content */,
				7B1F3B052B79B8BA0099784D /* SignInScreen.swift */,
				7B1F3B072B79F7640099784D /* MyTextField.swift */,
				7B1F3B092B7A02090099784D /* PasswordTextField.swift */,
				7B1F3B0B2B7A10750099784D /* ImageButton.swift */,
				7B1F3B0D2B7A41A00099784D /* SignUpScreen.swift */,
			);
			path = swiftui_signup;
			sourceTree = "<group>";
		};
		7B1F3AFB2B79B3ED0099784D /* Preview Content */ = {
			isa = PBXGroup;
			children = (
				7B1F3AFC2B79B3ED0099784D /* Preview Assets.xcassets */,
			);
			path = "Preview Content";
			sourceTree = "<group>";
		};
/* End PBXGroup section */

/* Begin PBXNativeTarget section */
		7B1F3AF12B79B3EA0099784D /* swiftui_signup */ = {
			isa = PBXNativeTarget;
			buildConfigurationList = 7B1F3B002B79B3ED0099784D /* Build configuration list for PBXNativeTarget "swiftui_signup" */;
			buildPhases = (
				7B1F3AEE2B79B3EA0099784D /* Sources */,
				7B1F3AEF2B79B3EA0099784D /* Frameworks */,
				7B1F3AF02B79B3EA0099784D /* Resources */,
			);
			buildRules = (
			);
			dependencies = (
			);
			name = swiftui_signup;
			productName = swiftui_signup;
			productReference = 7B1F3AF22B79B3EA0099784D /* swiftui_signup.app */;
			productType = "com.apple.product-type.application";
		};
/* End PBXNativeTarget section */

/* Begin PBXProject section */
		7B1F3AEA2B79B3EA0099784D /* Project object */ = {
			isa = PBXProject;
			attributes = {
				BuildIndependentTargetsInParallel = 1;
				LastSwiftUpdateCheck = 1520;
				LastUpgradeCheck = 1520;
				TargetAttributes = {
					7B1F3AF12B79B3EA0099784D = {
						CreatedOnToolsVersion = 15.2;
					};
				};
			};
			buildConfigurationList = 7B1F3AED2B79B3EA0099784D /* Build configuration list for PBXProject "swiftui_signup" */;
			compatibilityVersion = "Xcode 14.0";
			developmentRegion = en;
			hasScannedForEncodings = 0;
			knownRegions = (
				en,
				Base,
			);
			mainGroup = 7B1F3AE92B79B3EA0099784D;
			productRefGroup = 7B1F3AF32B79B3EA0099784D /* Products */;
			projectDirPath = "";
			projectRoot = "";
			targets = (
				7B1F3AF12B79B3EA0099784D /* swiftui_signup */,
			);
		};
/* End PBXProject section */

/* Begin PBXResourcesBuildPhase section */
		7B1F3AF02B79B3EA0099784D /* Resources */ = {
			isa = PBXResourcesBuildPhase;
			buildActionMask = 2147483647;
			files = (
				7B1F3AFD2B79B3ED0099784D /* Preview Assets.xcassets in Resources */,
				7B1F3B042B79B8A60099784D /* signup_signin.png in Resources */,
				7B1F3AFA2B79B3ED0099784D /* Assets.xcassets in Resources */,
			);
			runOnlyForDeploymentPostprocessing = 0;
		};
/* End PBXResourcesBuildPhase section */

/* Begin PBXSourcesBuildPhase section */
		7B1F3AEE2B79B3EA0099784D /* Sources */ = {
			isa = PBXSourcesBuildPhase;
			buildActionMask = 2147483647;
			files = (
				7B1F3B0A2B7A02090099784D /* PasswordTextField.swift in Sources */,
				7B1F3B0C2B7A10750099784D /* ImageButton.swift in Sources */,
				7B1F3B0E2B7A41A00099784D /* SignUpScreen.swift in Sources */,
				7B1F3AF62B79B3EA0099784D /* swiftui_signupApp.swift in Sources */,
				7B1F3B062B79B8BA0099784D /* SignInScreen.swift in Sources */,
				7B1F3B082B79F7640099784D /* MyTextField.swift in Sources */,
			);
			runOnlyForDeploymentPostprocessing = 0;
		};
/* End PBXSourcesBuildPhase section */

/* Begin XCBuildConfiguration section */
		7B1F3AFE2B79B3ED0099784D /* Debug */ = {
			isa = XCBuildConfiguration;
			buildSettings = {
				ALWAYS_SEARCH_USER_PATHS = NO;
				ASSETCATALOG_COMPILER_GENERATE_SWIFT_ASSET_SYMBOL_EXTENSIONS = YES;
				CLANG_ANALYZER_NONNULL = YES;
				CLANG_ANALYZER_NUMBER_OBJECT_CONVERSION = YES_AGGRESSIVE;
				CLANG_CXX_LANGUAGE_STANDARD = "gnu++20";
				CLANG_ENABLE_MODULES = YES;
				CLANG_ENABLE_OBJC_ARC = YES;
				CLANG_ENABLE_OBJC_WEAK = YES;
				CLANG_WARN_BLOCK_CAPTURE_AUTORELEASING = YES;
				CLANG_WARN_BOOL_CONVERSION = YES;
				CLANG_WARN_COMMA = YES;
				CLANG_WARN_CONSTANT_CONVERSION = YES;
				CLANG_WARN_DEPRECATED_OBJC_IMPLEMENTATIONS = YES;
				CLANG_WARN_DIRECT_OBJC_ISA_USAGE = YES_ERROR;
				CLANG_WARN_DOCUMENTATION_COMMENTS = YES;
				CLANG_WARN_EMPTY_BODY = YES;
				CLANG_WARN_ENUM_CONVERSION = YES;
				CLANG_WARN_INFINITE_RECURSION = YES;
				CLANG_WARN_INT_CONVERSION = YES;
				CLANG_WARN_NON_LITERAL_NULL_CONVERSION = YES;
				CLANG_WARN_OBJC_IMPLICIT_RETAIN_SELF = YES;
				CLANG_WARN_OBJC_LITERAL_CONVERSION = YES;
				CLANG_WARN_OBJC_ROOT_CLASS = YES_ERROR;
				CLANG_WARN_QUOTED_INCLUDE_IN_FRAMEWORK_HEADER = YES;
				CLANG_WARN_RANGE_LOOP_ANALYSIS = YES;
				CLANG_WARN_STRICT_PROTOTYPES = YES;
				CLANG_WARN_SUSPICIOUS_MOVE = YES;
				CLANG_WARN_UNGUARDED_AVAILABILITY = YES_AGGRESSIVE;
				CLANG_WARN_UNREACHABLE_CODE = YES;
				CLANG_WARN__DUPLICATE_METHOD_MATCH = YES;
				COPY_PHASE_STRIP = NO;
				DEBUG_INFORMATION_FORMAT = dwarf;
				ENABLE_STRICT_OBJC_MSGSEND = YES;
				ENABLE_TESTABILITY = YES;
				ENABLE_USER_SCRIPT_SANDBOXING = YES;
				GCC_C_LANGUAGE_STANDARD = gnu17;
				GCC_DYNAMIC_NO_PIC = NO;
				GCC_NO_COMMON_BLOCKS = YES;
				GCC_OPTIMIZATION_LEVEL = 0;
				GCC_PREPROCESSOR_DEFINITIONS = (
					"DEBUG=1",
					"$(inherited)",
				);
				GCC_WARN_64_TO_32_BIT_CONVERSION = YES;
				GCC_WARN_ABOUT_RETURN_TYPE = YES_ERROR;
				GCC_WARN_UNDECLARED_SELECTOR = YES;
				GCC_WARN_UNINITIALIZED_AUTOS = YES_AGGRESSIVE;
				GCC_WARN_UNUSED_FUNCTION = YES;
				GCC_WARN_UNUSED_VARIABLE = YES;
				IPHONEOS_DEPLOYMENT_TARGET = 17.2;
				LOCALIZATION_PREFERS_STRING_CATALOGS = YES;
				MTL_ENABLE_DEBUG_INFO = INCLUDE_SOURCE;
				MTL_FAST_MATH = YES;
				ONLY_ACTIVE_ARCH = YES;
				SDKROOT = iphoneos;
				SWIFT_ACTIVE_COMPILATION_CONDITIONS = "DEBUG $(inherited)";
				SWIFT_OPTIMIZATION_LEVEL = "-Onone";
			};
			name = Debug;
		};
		7B1F3AFF2B79B3ED0099784D /* Release */ = {
			isa = XCBuildConfiguration;
			buildSettings = {
				ALWAYS_SEARCH_USER_PATHS = NO;
				ASSETCATALOG_COMPILER_GENERATE_SWIFT_ASSET_SYMBOL_EXTENSIONS = YES;
				CLANG_ANALYZER_NONNULL = YES;
				CLANG_ANALYZER_NUMBER_OBJECT_CONVERSION = YES_AGGRESSIVE;
				CLANG_CXX_LANGUAGE_STANDARD = "gnu++20";
				CLANG_ENABLE_MODULES = YES;
				CLANG_ENABLE_OBJC_ARC = YES;
				CLANG_ENABLE_OBJC_WEAK = YES;
				CLANG_WARN_BLOCK_CAPTURE_AUTORELEASING = YES;
				CLANG_WARN_BOOL_CONVERSION = YES;
				CLANG_WARN_COMMA = YES;
				CLANG_WARN_CONSTANT_CONVERSION = YES;
				CLANG_WARN_DEPRECATED_OBJC_IMPLEMENTATIONS = YES;
				CLANG_WARN_DIRECT_OBJC_ISA_USAGE = YES_ERROR;
				CLANG_WARN_DOCUMENTATION_COMMENTS = YES;
				CLANG_WARN_EMPTY_BODY = YES;
				CLANG_WARN_ENUM_CONVERSION = YES;
				CLANG_WARN_INFINITE_RECURSION = YES;
				CLANG_WARN_INT_CONVERSION = YES;
				CLANG_WARN_NON_LITERAL_NULL_CONVERSION = YES;
				CLANG_WARN_OBJC_IMPLICIT_RETAIN_SELF = YES;
				CLANG_WARN_OBJC_LITERAL_CONVERSION = YES;
				CLANG_WARN_OBJC_ROOT_CLASS = YES_ERROR;
				CLANG_WARN_QUOTED_INCLUDE_IN_FRAMEWORK_HEADER = YES;
				CLANG_WARN_RANGE_LOOP_ANALYSIS = YES;
				CLANG_WARN_STRICT_PROTOTYPES = YES;
				CLANG_WARN_SUSPICIOUS_MOVE = YES;
				CLANG_WARN_UNGUARDED_AVAILABILITY = YES_AGGRESSIVE;
				CLANG_WARN_UNREACHABLE_CODE = YES;
				CLANG_WARN__DUPLICATE_METHOD_MATCH = YES;
				COPY_PHASE_STRIP = NO;
				DEBUG_INFORMATION_FORMAT = "dwarf-with-dsym";
				ENABLE_NS_ASSERTIONS = NO;
				ENABLE_STRICT_OBJC_MSGSEND = YES;
				ENABLE_USER_SCRIPT_SANDBOXING = YES;
				GCC_C_LANGUAGE_STANDARD = gnu17;
				GCC_NO_COMMON_BLOCKS = YES;
				GCC_WARN_64_TO_32_BIT_CONVERSION = YES;
				GCC_WARN_ABOUT_RETURN_TYPE = YES_ERROR;
				GCC_WARN_UNDECLARED_SELECTOR = YES;
				GCC_WARN_UNINITIALIZED_AUTOS = YES_AGGRESSIVE;
				GCC_WARN_UNUSED_FUNCTION = YES;
				GCC_WARN_UNUSED_VARIABLE = YES;
				IPHONEOS_DEPLOYMENT_TARGET = 17.2;
				LOCALIZATION_PREFERS_STRING_CATALOGS = YES;
				MTL_ENABLE_DEBUG_INFO = NO;
				MTL_FAST_MATH = YES;
				SDKROOT = iphoneos;
				SWIFT_COMPILATION_MODE = wholemodule;
				VALIDATE_PRODUCT = YES;
			};
			name = Release;
		};
		7B1F3B012B79B3ED0099784D /* Debug */ = {
			isa = XCBuildConfiguration;
			buildSettings = {
				ASSETCATALOG_COMPILER_APPICON_NAME = AppIcon;
				ASSETCATALOG_COMPILER_GLOBAL_ACCENT_COLOR_NAME = AccentColor;
				CODE_SIGN_STYLE = Automatic;
				CURRENT_PROJECT_VERSION = 1;
				DEVELOPMENT_ASSET_PATHS = "\"swiftui_signup/Preview Content\"";
				ENABLE_PREVIEWS = YES;
				GENERATE_INFOPLIST_FILE = YES;
				INFOPLIST_KEY_UIApplicationSceneManifest_Generation = YES;
				INFOPLIST_KEY_UIApplicationSupportsIndirectInputEvents = YES;
				INFOPLIST_KEY_UILaunchScreen_Generation = YES;
				INFOPLIST_KEY_UISupportedInterfaceOrientations_iPad = "UIInterfaceOrientationPortrait UIInterfaceOrientationPortraitUpsideDown UIInterfaceOrientationLandscapeLeft UIInterfaceOrientationLandscapeRight";
				INFOPLIST_KEY_UISupportedInterfaceOrientations_iPhone = "UIInterfaceOrientationPortrait UIInterfaceOrientationLandscapeLeft UIInterfaceOrientationLandscapeRight";
				LD_RUNPATH_SEARCH_PATHS = (
					"$(inherited)",
					"@executable_path/Frameworks",
				);
				MARKETING_VERSION = 1.0;
				PRODUCT_BUNDLE_IDENTIFIER = "com.example.swiftui-signup";
				PRODUCT_NAME = "$(TARGET_NAME)";
				SWIFT_EMIT_LOC_STRINGS = YES;
				SWIFT_VERSION = 5.0;
				TARGETED_DEVICE_FAMILY = "1,2";
			};
			name = Debug;
		};
		7B1F3B022B79B3ED0099784D /* Release */ = {
			isa = XCBuildConfiguration;
			buildSettings = {
				ASSETCATALOG_COMPILER_APPICON_NAME = AppIcon;
				ASSETCATALOG_COMPILER_GLOBAL_ACCENT_COLOR_NAME = AccentColor;
				CODE_SIGN_STYLE = Automatic;
				CURRENT_PROJECT_VERSION = 1;
				DEVELOPMENT_ASSET_PATHS = "\"swiftui_signup/Preview Content\"";
				ENABLE_PREVIEWS = YES;
				GENERATE_INFOPLIST_FILE = YES;
				INFOPLIST_KEY_UIApplicationSceneManifest_Generation = YES;
				INFOPLIST_KEY_UIApplicationSupportsIndirectInputEvents = YES;
				INFOPLIST_KEY_UILaunchScreen_Generation = YES;
				INFOPLIST_KEY_UISupportedInterfaceOrientations_iPad = "UIInterfaceOrientationPortrait UIInterfaceOrientationPortraitUpsideDown UIInterfaceOrientationLandscapeLeft UIInterfaceOrientationLandscapeRight";
				INFOPLIST_KEY_UISupportedInterfaceOrientations_iPhone = "UIInterfaceOrientationPortrait UIInterfaceOrientationLandscapeLeft UIInterfaceOrientationLandscapeRight";
				LD_RUNPATH_SEARCH_PATHS = (
					"$(inherited)",
					"@executable_path/Frameworks",
				);
				MARKETING_VERSION = 1.0;
				PRODUCT_BUNDLE_IDENTIFIER = "com.example.swiftui-signup";
				PRODUCT_NAME = "$(TARGET_NAME)";
				SWIFT_EMIT_LOC_STRINGS = YES;
				SWIFT_VERSION = 5.0;
				TARGETED_DEVICE_FAMILY = "1,2";
			};
			name = Release;
		};
/* End XCBuildConfiguration section */

/* Begin XCConfigurationList section */
		7B1F3AED2B79B3EA0099784D /* Build configuration list for PBXProject "swiftui_signup" */ = {
			isa = XCConfigurationList;
			buildConfigurations = (
				7B1F3AFE2B79B3ED0099784D /* Debug */,
				7B1F3AFF2B79B3ED0099784D /* Release */,
			);
			defaultConfigurationIsVisible = 0;
			defaultConfigurationName = Release;
		};
		7B1F3B002B79B3ED0099784D /* Build configuration list for PBXNativeTarget "swiftui_signup" */ = {
			isa = XCConfigurationList;
			buildConfigurations = (
				7B1F3B012B79B3ED0099784D /* Debug */,
				7B1F3B022B79B3ED0099784D /* Release */,
			);
			defaultConfigurationIsVisible = 0;
			defaultConfigurationName = Release;
		};
/* End XCConfigurationList section */
	};
	rootObject = 7B1F3AEA2B79B3EA0099784D /* Project object */;
}
